
Microsoft Visual Studio Solution File, Format Version 12.00
# Visual Studio Version 17
VisualStudioVersion = 17.1.32113.165
MinimumVisualStudioVersion = 10.0.40219.1
Project("{9A19103F-16F7-4668-BE54-9A1E7A4F7556}") = "StaticSharpDemo", "StaticSharpDemo\StaticSharpDemo.csproj", "{CC557248-81BC-4BE2-AE22-E861EB7C927D}"
EndProject
Project("{9A19103F-16F7-4668-BE54-9A1E7A4F7556}") = "StaticSharp", "StaticSharp\StaticSharp.csproj", "{40C65D4F-AC78-44C3-949D-3359222CD5D7}"
EndProject
Project("{2150E333-8FDC-42A3-9474-1A3956D46DE8}") = "Solution Items", "Solution Items", "{38214E29-BA5F-4EF3-B3EF-1F87D710A369}"
	ProjectSection(SolutionItems) = preProject
		.editorconfig = .editorconfig
	EndProjectSection
EndProject
Project("{9A19103F-16F7-4668-BE54-9A1E7A4F7556}") = "StaticSharpComponentSourceGenerator", "StaticSharpComponentSourceGenerator\Generator\StaticSharpComponentSourceGenerator.csproj", "{200F17AD-5760-4D46-8276-7C6B731DCDFC}"
EndProject
Project("{9A19103F-16F7-4668-BE54-9A1E7A4F7556}") = "RoutingSg", "RoutingSg\Generator\RoutingSg.csproj", "{E1570EF4-4194-464E-B691-18A23CF1D65A}"
EndProject
Global
	GlobalSection(SolutionConfigurationPlatforms) = preSolution
		Debug|Any CPU = Debug|Any CPU
		Release|Any CPU = Release|Any CPU
	EndGlobalSection
	GlobalSection(ProjectConfigurationPlatforms) = postSolution
		{CC557248-81BC-4BE2-AE22-E861EB7C927D}.Debug|Any CPU.ActiveCfg = Debug|Any CPU
		{CC557248-81BC-4BE2-AE22-E861EB7C927D}.Debug|Any CPU.Build.0 = Debug|Any CPU
		{CC557248-81BC-4BE2-AE22-E861EB7C927D}.Release|Any CPU.ActiveCfg = Release|Any CPU
		{CC557248-81BC-4BE2-AE22-E861EB7C927D}.Release|Any CPU.Build.0 = Release|Any CPU
		{40C65D4F-AC78-44C3-949D-3359222CD5D7}.Debug|Any CPU.ActiveCfg = Debug|Any CPU
		{40C65D4F-AC78-44C3-949D-3359222CD5D7}.Debug|Any CPU.Build.0 = Debug|Any CPU
		{40C65D4F-AC78-44C3-949D-3359222CD5D7}.Release|Any CPU.ActiveCfg = Release|Any CPU
		{40C65D4F-AC78-44C3-949D-3359222CD5D7}.Release|Any CPU.Build.0 = Release|Any CPU
		{200F17AD-5760-4D46-8276-7C6B731DCDFC}.Debug|Any CPU.ActiveCfg = Debug|Any CPU
		{200F17AD-5760-4D46-8276-7C6B731DCDFC}.Debug|Any CPU.Build.0 = Debug|Any CPU
		{200F17AD-5760-4D46-8276-7C6B731DCDFC}.Release|Any CPU.ActiveCfg = Release|Any CPU
		{200F17AD-5760-4D46-8276-7C6B731DCDFC}.Release|Any CPU.Build.0 = Release|Any CPU
		{E1570EF4-4194-464E-B691-18A23CF1D65A}.Debug|Any CPU.ActiveCfg = Debug|Any CPU
		{E1570EF4-4194-464E-B691-18A23CF1D65A}.Debug|Any CPU.Build.0 = Debug|Any CPU
		{E1570EF4-4194-464E-B691-18A23CF1D65A}.Release|Any CPU.ActiveCfg = Release|Any CPU
		{E1570EF4-4194-464E-B691-18A23CF1D65A}.Release|Any CPU.Build.0 = Release|Any CPU
	EndGlobalSection
	GlobalSection(SolutionProperties) = preSolution
		HideSolutionNode = FALSE
	EndGlobalSection
	GlobalSection(ExtensibilityGlobals) = postSolution
		SolutionGuid = {959A54C0-C4D6-4150-8929-196145CBFD4A}
	EndGlobalSection
EndGlobal
