
Microsoft Visual Studio Solution File, Format Version 12.00
# Visual Studio Version 17
VisualStudioVersion = 17.1.32113.165
MinimumVisualStudioVersion = 10.0.40219.1
Project("{9A19103F-16F7-4668-BE54-9A1E7A4F7556}") = "StaticSharpEngine", "StaticSharpEngine\StaticSharpEngine.csproj", "{662FDFED-4C19-4998-ADA0-65BF0A788DF1}"
EndProject
Project("{9A19103F-16F7-4668-BE54-9A1E7A4F7556}") = "StaticSharpDemo", "StaticSharpDemo\StaticSharpDemo.csproj", "{CC557248-81BC-4BE2-AE22-E861EB7C927D}"
EndProject
Project("{9A19103F-16F7-4668-BE54-9A1E7A4F7556}") = "StaticSharpGenerator", "StaticSharpGenerator\StaticSharpGenerator.csproj", "{C23E35D1-52B7-4765-B040-8D12F742B2B0}"
EndProject
Project("{9A19103F-16F7-4668-BE54-9A1E7A4F7556}") = "StaticSharp", "StaticSharp\StaticSharp.csproj", "{40C65D4F-AC78-44C3-949D-3359222CD5D7}"
EndProject
Project("{9A19103F-16F7-4668-BE54-9A1E7A4F7556}") = "RoslynSourceGeneratorDebuggableAdapter", "RoslynSourceGeneratorDebuggableAdapter\RoslynSourceGeneratorDebuggableAdapter.csproj", "{84A6F04E-E8CB-4F0F-B7BF-37AAC32D0BCD}"
EndProject
Project("{9A19103F-16F7-4668-BE54-9A1E7A4F7556}") = "RoslynSourceGeneratorDebuggable", "RoslynSourceGeneratorDebuggable\RoslynSourceGeneratorDebuggable.csproj", "{3B4EAF23-BC6F-426C-AAE2-0FD73F6F5C4F}"
EndProject
Project("{9A19103F-16F7-4668-BE54-9A1E7A4F7556}") = "MixinGenerator", "MixinGenerator\MixinGenerator.csproj", "{9A240335-A67E-443B-8BEC-CDB4ABB72305}"
EndProject
Project("{9A19103F-16F7-4668-BE54-9A1E7A4F7556}") = "CSharpSyntaxTreeInspector", "CSharpSyntaxTreeInspector\CSharpSyntaxTreeInspector.csproj", "{91AC75FE-60C6-488A-A06C-5BAC0117DC71}"
EndProject
Project("{9A19103F-16F7-4668-BE54-9A1E7A4F7556}") = "MaterialDesignIcons", "MaterialDesignIcons\Source\MaterialDesignIcons.csproj", "{FCD37527-C054-4445-B107-66AE31F11FBC}"
EndProject
Global
	GlobalSection(SolutionConfigurationPlatforms) = preSolution
		Debug|Any CPU = Debug|Any CPU
		Release|Any CPU = Release|Any CPU
	EndGlobalSection
	GlobalSection(ProjectConfigurationPlatforms) = postSolution
		{662FDFED-4C19-4998-ADA0-65BF0A788DF1}.Debug|Any CPU.ActiveCfg = Debug|Any CPU
		{662FDFED-4C19-4998-ADA0-65BF0A788DF1}.Debug|Any CPU.Build.0 = Debug|Any CPU
		{662FDFED-4C19-4998-ADA0-65BF0A788DF1}.Release|Any CPU.ActiveCfg = Release|Any CPU
		{662FDFED-4C19-4998-ADA0-65BF0A788DF1}.Release|Any CPU.Build.0 = Release|Any CPU
		{CC557248-81BC-4BE2-AE22-E861EB7C927D}.Debug|Any CPU.ActiveCfg = Debug|Any CPU
		{CC557248-81BC-4BE2-AE22-E861EB7C927D}.Debug|Any CPU.Build.0 = Debug|Any CPU
		{CC557248-81BC-4BE2-AE22-E861EB7C927D}.Release|Any CPU.ActiveCfg = Release|Any CPU
		{CC557248-81BC-4BE2-AE22-E861EB7C927D}.Release|Any CPU.Build.0 = Release|Any CPU
		{C23E35D1-52B7-4765-B040-8D12F742B2B0}.Debug|Any CPU.ActiveCfg = Debug|Any CPU
		{C23E35D1-52B7-4765-B040-8D12F742B2B0}.Debug|Any CPU.Build.0 = Debug|Any CPU
		{C23E35D1-52B7-4765-B040-8D12F742B2B0}.Release|Any CPU.ActiveCfg = Release|Any CPU
		{C23E35D1-52B7-4765-B040-8D12F742B2B0}.Release|Any CPU.Build.0 = Release|Any CPU
		{40C65D4F-AC78-44C3-949D-3359222CD5D7}.Debug|Any CPU.ActiveCfg = Debug|Any CPU
		{40C65D4F-AC78-44C3-949D-3359222CD5D7}.Debug|Any CPU.Build.0 = Debug|Any CPU
		{40C65D4F-AC78-44C3-949D-3359222CD5D7}.Release|Any CPU.ActiveCfg = Release|Any CPU
		{40C65D4F-AC78-44C3-949D-3359222CD5D7}.Release|Any CPU.Build.0 = Release|Any CPU
		{84A6F04E-E8CB-4F0F-B7BF-37AAC32D0BCD}.Debug|Any CPU.ActiveCfg = Debug|Any CPU
		{84A6F04E-E8CB-4F0F-B7BF-37AAC32D0BCD}.Debug|Any CPU.Build.0 = Debug|Any CPU
		{84A6F04E-E8CB-4F0F-B7BF-37AAC32D0BCD}.Release|Any CPU.ActiveCfg = Release|Any CPU
		{84A6F04E-E8CB-4F0F-B7BF-37AAC32D0BCD}.Release|Any CPU.Build.0 = Release|Any CPU
		{3B4EAF23-BC6F-426C-AAE2-0FD73F6F5C4F}.Debug|Any CPU.ActiveCfg = Debug|Any CPU
		{3B4EAF23-BC6F-426C-AAE2-0FD73F6F5C4F}.Debug|Any CPU.Build.0 = Debug|Any CPU
		{3B4EAF23-BC6F-426C-AAE2-0FD73F6F5C4F}.Release|Any CPU.ActiveCfg = Release|Any CPU
		{3B4EAF23-BC6F-426C-AAE2-0FD73F6F5C4F}.Release|Any CPU.Build.0 = Release|Any CPU
		{9A240335-A67E-443B-8BEC-CDB4ABB72305}.Debug|Any CPU.ActiveCfg = Debug|Any CPU
		{9A240335-A67E-443B-8BEC-CDB4ABB72305}.Debug|Any CPU.Build.0 = Debug|Any CPU
		{9A240335-A67E-443B-8BEC-CDB4ABB72305}.Release|Any CPU.ActiveCfg = Release|Any CPU
		{9A240335-A67E-443B-8BEC-CDB4ABB72305}.Release|Any CPU.Build.0 = Release|Any CPU
		{91AC75FE-60C6-488A-A06C-5BAC0117DC71}.Debug|Any CPU.ActiveCfg = Debug|Any CPU
		{91AC75FE-60C6-488A-A06C-5BAC0117DC71}.Debug|Any CPU.Build.0 = Debug|Any CPU
		{91AC75FE-60C6-488A-A06C-5BAC0117DC71}.Release|Any CPU.ActiveCfg = Release|Any CPU
		{91AC75FE-60C6-488A-A06C-5BAC0117DC71}.Release|Any CPU.Build.0 = Release|Any CPU
		{FCD37527-C054-4445-B107-66AE31F11FBC}.Debug|Any CPU.ActiveCfg = Debug|Any CPU
		{FCD37527-C054-4445-B107-66AE31F11FBC}.Debug|Any CPU.Build.0 = Debug|Any CPU
		{FCD37527-C054-4445-B107-66AE31F11FBC}.Release|Any CPU.ActiveCfg = Release|Any CPU
		{FCD37527-C054-4445-B107-66AE31F11FBC}.Release|Any CPU.Build.0 = Release|Any CPU
	EndGlobalSection
	GlobalSection(SolutionProperties) = preSolution
		HideSolutionNode = FALSE
	EndGlobalSection
	GlobalSection(ExtensibilityGlobals) = postSolution
		SolutionGuid = {959A54C0-C4D6-4150-8929-196145CBFD4A}
	EndGlobalSection
EndGlobal
